
Microsoft Visual Studio Solution File, Format Version 12.00
# Visual Studio 15
VisualStudioVersion = 15.0.26228.4
MinimumVisualStudioVersion = 10.0.40219.1
Project("{2150E333-8FDC-42A3-9474-1A3956D46DE8}") = "src", "src", "{ABDEED39-788F-40D3-BA03-4AA832032F5C}"
EndProject
Project("{2150E333-8FDC-42A3-9474-1A3956D46DE8}") = "test", "test", "{9704B779-8E42-416A-8A01-0C565C3A67ED}"
EndProject
Project("{9A19103F-16F7-4668-BE54-9A1E7A4F7556}") = "Narochno.Primitives", "src\Narochno.Primitives\Narochno.Primitives.csproj", "{4135670E-5917-4819-AD2C-A80BB63D6404}"
EndProject
Project("{9A19103F-16F7-4668-BE54-9A1E7A4F7556}") = "Narochno.Primitives.Json", "src\Narochno.Primitives.Json\Narochno.Primitives.Json.csproj", "{50011B6F-C59A-4F52-B196-FDAE2742BABF}"
EndProject
Project("{9A19103F-16F7-4668-BE54-9A1E7A4F7556}") = "Narochno.Primitives.Tests", "test\Narochno.Primitives.Tests\Narochno.Primitives.Tests.csproj", "{CF0A9D88-E03D-45EB-9A38-0A77B546E409}"
EndProject
Project("{9A19103F-16F7-4668-BE54-9A1E7A4F7556}") = "Narochno.Primitives.Json.Tests", "test\Narochno.Primitives.Json.Tests\Narochno.Primitives.Json.Tests.csproj", "{E04F8B42-125C-4362-93A4-0B2E57112AA6}"
EndProject
Global
	GlobalSection(SolutionConfigurationPlatforms) = preSolution
		Debug|Any CPU = Debug|Any CPU
		Release|Any CPU = Release|Any CPU
	EndGlobalSection
	GlobalSection(ProjectConfigurationPlatforms) = postSolution
		{4135670E-5917-4819-AD2C-A80BB63D6404}.Debug|Any CPU.ActiveCfg = Debug|Any CPU
		{4135670E-5917-4819-AD2C-A80BB63D6404}.Debug|Any CPU.Build.0 = Debug|Any CPU
		{4135670E-5917-4819-AD2C-A80BB63D6404}.Release|Any CPU.ActiveCfg = Release|Any CPU
		{4135670E-5917-4819-AD2C-A80BB63D6404}.Release|Any CPU.Build.0 = Release|Any CPU
		{50011B6F-C59A-4F52-B196-FDAE2742BABF}.Debug|Any CPU.ActiveCfg = Debug|Any CPU
		{50011B6F-C59A-4F52-B196-FDAE2742BABF}.Debug|Any CPU.Build.0 = Debug|Any CPU
		{50011B6F-C59A-4F52-B196-FDAE2742BABF}.Release|Any CPU.ActiveCfg = Release|Any CPU
		{50011B6F-C59A-4F52-B196-FDAE2742BABF}.Release|Any CPU.Build.0 = Release|Any CPU
		{CF0A9D88-E03D-45EB-9A38-0A77B546E409}.Debug|Any CPU.ActiveCfg = Debug|Any CPU
		{CF0A9D88-E03D-45EB-9A38-0A77B546E409}.Debug|Any CPU.Build.0 = Debug|Any CPU
		{CF0A9D88-E03D-45EB-9A38-0A77B546E409}.Release|Any CPU.ActiveCfg = Release|Any CPU
		{CF0A9D88-E03D-45EB-9A38-0A77B546E409}.Release|Any CPU.Build.0 = Release|Any CPU
		{E04F8B42-125C-4362-93A4-0B2E57112AA6}.Debug|Any CPU.ActiveCfg = Debug|Any CPU
		{E04F8B42-125C-4362-93A4-0B2E57112AA6}.Debug|Any CPU.Build.0 = Debug|Any CPU
		{E04F8B42-125C-4362-93A4-0B2E57112AA6}.Release|Any CPU.ActiveCfg = Release|Any CPU
		{E04F8B42-125C-4362-93A4-0B2E57112AA6}.Release|Any CPU.Build.0 = Release|Any CPU
	EndGlobalSection
	GlobalSection(SolutionProperties) = preSolution
		HideSolutionNode = FALSE
	EndGlobalSection
	GlobalSection(NestedProjects) = preSolution
		{4135670E-5917-4819-AD2C-A80BB63D6404} = {ABDEED39-788F-40D3-BA03-4AA832032F5C}
		{50011B6F-C59A-4F52-B196-FDAE2742BABF} = {ABDEED39-788F-40D3-BA03-4AA832032F5C}
		{CF0A9D88-E03D-45EB-9A38-0A77B546E409} = {9704B779-8E42-416A-8A01-0C565C3A67ED}
		{E04F8B42-125C-4362-93A4-0B2E57112AA6} = {9704B779-8E42-416A-8A01-0C565C3A67ED}
	EndGlobalSection
EndGlobal
